
Microsoft Visual Studio Solution File, Format Version 12.00
# Visual Studio Version 17
VisualStudioVersion = 17.0.31903.59
MinimumVisualStudioVersion = 10.0.40219.1
Project("{2150E333-8FDC-42A3-9474-1A3956D46DE8}") = "src", "src", "{827E0CD3-B72D-47B6-A68D-7590B98EB39B}"
EndProject
Project("{FAE04EC0-301F-11D3-BF4B-00C04F79EFBC}") = "Ytec.BrowserCapsule.Application", "src\Ytec.BrowserCapsule.Application\Ytec.BrowserCapsule.Application.csproj", "{8ACEC4CC-1410-47D1-8478-ACFDEEEEE69C}"
EndProject
Project("{FAE04EC0-301F-11D3-BF4B-00C04F79EFBC}") = "Ytec.BrowserCapsule.Browsers.Chrome", "src\Ytec.BrowserCapsule.Browsers.Chrome\Ytec.BrowserCapsule.Browsers.Chrome.csproj", "{2C45FFDC-908A-4660-8EC0-0DA041F837C5}"
EndProject
Project("{FAE04EC0-301F-11D3-BF4B-00C04F79EFBC}") = "Ytec.BrowserCapsule.Browsers.Chromium", "src\Ytec.BrowserCapsule.Browsers.Chromium\Ytec.BrowserCapsule.Browsers.Chromium.csproj", "{7BB27F12-E76F-4640-B635-66B8F5BEEE6E}"
EndProject
Project("{FAE04EC0-301F-11D3-BF4B-00C04F79EFBC}") = "Ytec.BrowserCapsule.Browsers.Common", "src\Ytec.BrowserCapsule.Browsers.Common\Ytec.BrowserCapsule.Browsers.Common.csproj", "{E8A5E5F6-E8BD-4081-BD27-171671C7BC45}"
EndProject
Project("{FAE04EC0-301F-11D3-BF4B-00C04F79EFBC}") = "Ytec.BrowserCapsule.Browsers.Edge", "src\Ytec.BrowserCapsule.Browsers.Edge\Ytec.BrowserCapsule.Browsers.Edge.csproj", "{ECDAC030-53EF-49EF-B925-87DCC11B63D2}"
EndProject
Project("{FAE04EC0-301F-11D3-BF4B-00C04F79EFBC}") = "Ytec.BrowserCapsule.Browsers.Firefox", "src\Ytec.BrowserCapsule.Browsers.Firefox\Ytec.BrowserCapsule.Browsers.Firefox.csproj", "{91FEC87C-AB00-43B4-9127-D228B2FC2465}"
EndProject
Project("{FAE04EC0-301F-11D3-BF4B-00C04F79EFBC}") = "Ytec.BrowserCapsule.Domain", "src\Ytec.BrowserCapsule.Domain\Ytec.BrowserCapsule.Domain.csproj", "{3044B0A5-F06A-4F84-9B37-B59B38FA8E79}"
EndProject
Project("{FAE04EC0-301F-11D3-BF4B-00C04F79EFBC}") = "Ytec.BrowserCapsule.Infrastructure", "src\Ytec.BrowserCapsule.Infrastructure\Ytec.BrowserCapsule.Infrastructure.csproj", "{3CEC6957-763F-447D-AFB9-46A70633FADD}"
EndProject
Project("{2150E333-8FDC-42A3-9474-1A3956D46DE8}") = "tests", "tests", "{0AB3BF05-4346-4AA6-1389-037BE0695223}"
EndProject
Project("{FAE04EC0-301F-11D3-BF4B-00C04F79EFBC}") = "Ytec.BrowserCapsule.IntegrationTests", "tests\Ytec.BrowserCapsule.IntegrationTests\Ytec.BrowserCapsule.IntegrationTests.csproj", "{1E54B5C0-7DB8-4768-91EA-A23C320EA2F9}"
EndProject
Project("{FAE04EC0-301F-11D3-BF4B-00C04F79EFBC}") = "Ytec.BrowserCapsule.SecurityTests", "tests\Ytec.BrowserCapsule.SecurityTests\Ytec.BrowserCapsule.SecurityTests.csproj", "{04D78CEE-FEFD-4848-AFE8-289FFE321EE0}"
EndProject
Project("{FAE04EC0-301F-11D3-BF4B-00C04F79EFBC}") = "Ytec.BrowserCapsule.UnitTests", "tests\Ytec.BrowserCapsule.UnitTests\Ytec.BrowserCapsule.UnitTests.csproj", "{EC470F78-2901-4D18-AF21-E5703773CDE4}"
EndProject
Project("{FAE04EC0-301F-11D3-BF4B-00C04F79EFBC}") = "Ytec.BrowserCapsule.App", "src\Ytec.BrowserCapsule.App\Ytec.BrowserCapsule.App.csproj", "{1414D11E-3C88-4E26-9834-98C51B71BBEB}"
EndProject
Project("{FAE04EC0-301F-11D3-BF4B-00C04F79EFBC}") = "Ytec.BrowserCapsule.LoadTests", "tests\Ytec.BrowserCapsule.LoadTests\Ytec.BrowserCapsule.LoadTests.csproj", "{2E2B5744-FA2C-41F4-80CB-B5BDA56EEC76}"
EndProject
Project("{FAE04EC0-301F-11D3-BF4B-00C04F79EFBC}") = "Ytec.BrowserCapsule.App.Tests", "tests\Ytec.BrowserCapsule.App.Tests\Ytec.BrowserCapsule.App.Tests.csproj", "{5A678637-2579-43E8-BEA1-9FA57E3A4146}"
EndProject
Global
	GlobalSection(SolutionConfigurationPlatforms) = preSolution
		Debug|Any CPU = Debug|Any CPU
		Debug|x64 = Debug|x64
		Debug|x86 = Debug|x86
		Release|Any CPU = Release|Any CPU
		Release|x64 = Release|x64
		Release|x86 = Release|x86
	EndGlobalSection
	GlobalSection(ProjectConfigurationPlatforms) = postSolution
		{8ACEC4CC-1410-47D1-8478-ACFDEEEEE69C}.Debug|Any CPU.ActiveCfg = Debug|Any CPU
		{8ACEC4CC-1410-47D1-8478-ACFDEEEEE69C}.Debug|Any CPU.Build.0 = Debug|Any CPU
		{8ACEC4CC-1410-47D1-8478-ACFDEEEEE69C}.Debug|x64.ActiveCfg = Debug|Any CPU
		{8ACEC4CC-1410-47D1-8478-ACFDEEEEE69C}.Debug|x64.Build.0 = Debug|Any CPU
		{8ACEC4CC-1410-47D1-8478-ACFDEEEEE69C}.Debug|x86.ActiveCfg = Debug|Any CPU
		{8ACEC4CC-1410-47D1-8478-ACFDEEEEE69C}.Debug|x86.Build.0 = Debug|Any CPU
		{8ACEC4CC-1410-47D1-8478-ACFDEEEEE69C}.Release|Any CPU.ActiveCfg = Release|Any CPU
		{8ACEC4CC-1410-47D1-8478-ACFDEEEEE69C}.Release|Any CPU.Build.0 = Release|Any CPU
		{8ACEC4CC-1410-47D1-8478-ACFDEEEEE69C}.Release|x64.ActiveCfg = Release|Any CPU
		{8ACEC4CC-1410-47D1-8478-ACFDEEEEE69C}.Release|x64.Build.0 = Release|Any CPU
		{8ACEC4CC-1410-47D1-8478-ACFDEEEEE69C}.Release|x86.ActiveCfg = Release|Any CPU
		{8ACEC4CC-1410-47D1-8478-ACFDEEEEE69C}.Release|x86.Build.0 = Release|Any CPU
		{2C45FFDC-908A-4660-8EC0-0DA041F837C5}.Debug|Any CPU.ActiveCfg = Debug|Any CPU
		{2C45FFDC-908A-4660-8EC0-0DA041F837C5}.Debug|Any CPU.Build.0 = Debug|Any CPU
		{2C45FFDC-908A-4660-8EC0-0DA041F837C5}.Debug|x64.ActiveCfg = Debug|Any CPU
		{2C45FFDC-908A-4660-8EC0-0DA041F837C5}.Debug|x64.Build.0 = Debug|Any CPU
		{2C45FFDC-908A-4660-8EC0-0DA041F837C5}.Debug|x86.ActiveCfg = Debug|Any CPU
		{2C45FFDC-908A-4660-8EC0-0DA041F837C5}.Debug|x86.Build.0 = Debug|Any CPU
		{2C45FFDC-908A-4660-8EC0-0DA041F837C5}.Release|Any CPU.ActiveCfg = Release|Any CPU
		{2C45FFDC-908A-4660-8EC0-0DA041F837C5}.Release|Any CPU.Build.0 = Release|Any CPU
		{2C45FFDC-908A-4660-8EC0-0DA041F837C5}.Release|x64.ActiveCfg = Release|Any CPU
		{2C45FFDC-908A-4660-8EC0-0DA041F837C5}.Release|x64.Build.0 = Release|Any CPU
		{2C45FFDC-908A-4660-8EC0-0DA041F837C5}.Release|x86.ActiveCfg = Release|Any CPU
		{2C45FFDC-908A-4660-8EC0-0DA041F837C5}.Release|x86.Build.0 = Release|Any CPU
		{7BB27F12-E76F-4640-B635-66B8F5BEEE6E}.Debug|Any CPU.ActiveCfg = Debug|Any CPU
		{7BB27F12-E76F-4640-B635-66B8F5BEEE6E}.Debug|Any CPU.Build.0 = Debug|Any CPU
		{7BB27F12-E76F-4640-B635-66B8F5BEEE6E}.Debug|x64.ActiveCfg = Debug|Any CPU
		{7BB27F12-E76F-4640-B635-66B8F5BEEE6E}.Debug|x64.Build.0 = Debug|Any CPU
		{7BB27F12-E76F-4640-B635-66B8F5BEEE6E}.Debug|x86.ActiveCfg = Debug|Any CPU
		{7BB27F12-E76F-4640-B635-66B8F5BEEE6E}.Debug|x86.Build.0 = Debug|Any CPU
		{7BB27F12-E76F-4640-B635-66B8F5BEEE6E}.Release|Any CPU.ActiveCfg = Release|Any CPU
		{7BB27F12-E76F-4640-B635-66B8F5BEEE6E}.Release|Any CPU.Build.0 = Release|Any CPU
		{7BB27F12-E76F-4640-B635-66B8F5BEEE6E}.Release|x64.ActiveCfg = Release|Any CPU
		{7BB27F12-E76F-4640-B635-66B8F5BEEE6E}.Release|x64.Build.0 = Release|Any CPU
		{7BB27F12-E76F-4640-B635-66B8F5BEEE6E}.Release|x86.ActiveCfg = Release|Any CPU
		{7BB27F12-E76F-4640-B635-66B8F5BEEE6E}.Release|x86.Build.0 = Release|Any CPU
		{E8A5E5F6-E8BD-4081-BD27-171671C7BC45}.Debug|Any CPU.ActiveCfg = Debug|Any CPU
		{E8A5E5F6-E8BD-4081-BD27-171671C7BC45}.Debug|Any CPU.Build.0 = Debug|Any CPU
		{E8A5E5F6-E8BD-4081-BD27-171671C7BC45}.Debug|x64.ActiveCfg = Debug|Any CPU
		{E8A5E5F6-E8BD-4081-BD27-171671C7BC45}.Debug|x64.Build.0 = Debug|Any CPU
		{E8A5E5F6-E8BD-4081-BD27-171671C7BC45}.Debug|x86.ActiveCfg = Debug|Any CPU
		{E8A5E5F6-E8BD-4081-BD27-171671C7BC45}.Debug|x86.Build.0 = Debug|Any CPU
		{E8A5E5F6-E8BD-4081-BD27-171671C7BC45}.Release|Any CPU.ActiveCfg = Release|Any CPU
		{E8A5E5F6-E8BD-4081-BD27-171671C7BC45}.Release|Any CPU.Build.0 = Release|Any CPU
		{E8A5E5F6-E8BD-4081-BD27-171671C7BC45}.Release|x64.ActiveCfg = Release|Any CPU
		{E8A5E5F6-E8BD-4081-BD27-171671C7BC45}.Release|x64.Build.0 = Release|Any CPU
		{E8A5E5F6-E8BD-4081-BD27-171671C7BC45}.Release|x86.ActiveCfg = Release|Any CPU
		{E8A5E5F6-E8BD-4081-BD27-171671C7BC45}.Release|x86.Build.0 = Release|Any CPU
		{ECDAC030-53EF-49EF-B925-87DCC11B63D2}.Debug|Any CPU.ActiveCfg = Debug|Any CPU
		{ECDAC030-53EF-49EF-B925-87DCC11B63D2}.Debug|Any CPU.Build.0 = Debug|Any CPU
		{ECDAC030-53EF-49EF-B925-87DCC11B63D2}.Debug|x64.ActiveCfg = Debug|Any CPU
		{ECDAC030-53EF-49EF-B925-87DCC11B63D2}.Debug|x64.Build.0 = Debug|Any CPU
		{ECDAC030-53EF-49EF-B925-87DCC11B63D2}.Debug|x86.ActiveCfg = Debug|Any CPU
		{ECDAC030-53EF-49EF-B925-87DCC11B63D2}.Debug|x86.Build.0 = Debug|Any CPU
		{ECDAC030-53EF-49EF-B925-87DCC11B63D2}.Release|Any CPU.ActiveCfg = Release|Any CPU
		{ECDAC030-53EF-49EF-B925-87DCC11B63D2}.Release|Any CPU.Build.0 = Release|Any CPU
		{ECDAC030-53EF-49EF-B925-87DCC11B63D2}.Release|x64.ActiveCfg = Release|Any CPU
		{ECDAC030-53EF-49EF-B925-87DCC11B63D2}.Release|x64.Build.0 = Release|Any CPU
		{ECDAC030-53EF-49EF-B925-87DCC11B63D2}.Release|x86.ActiveCfg = Release|Any CPU
		{ECDAC030-53EF-49EF-B925-87DCC11B63D2}.Release|x86.Build.0 = Release|Any CPU
		{91FEC87C-AB00-43B4-9127-D228B2FC2465}.Debug|Any CPU.ActiveCfg = Debug|Any CPU
		{91FEC87C-AB00-43B4-9127-D228B2FC2465}.Debug|Any CPU.Build.0 = Debug|Any CPU
		{91FEC87C-AB00-43B4-9127-D228B2FC2465}.Debug|x64.ActiveCfg = Debug|Any CPU
		{91FEC87C-AB00-43B4-9127-D228B2FC2465}.Debug|x64.Build.0 = Debug|Any CPU
		{91FEC87C-AB00-43B4-9127-D228B2FC2465}.Debug|x86.ActiveCfg = Debug|Any CPU
		{91FEC87C-AB00-43B4-9127-D228B2FC2465}.Debug|x86.Build.0 = Debug|Any CPU
		{91FEC87C-AB00-43B4-9127-D228B2FC2465}.Release|Any CPU.ActiveCfg = Release|Any CPU
		{91FEC87C-AB00-43B4-9127-D228B2FC2465}.Release|Any CPU.Build.0 = Release|Any CPU
		{91FEC87C-AB00-43B4-9127-D228B2FC2465}.Release|x64.ActiveCfg = Release|Any CPU
		{91FEC87C-AB00-43B4-9127-D228B2FC2465}.Release|x64.Build.0 = Release|Any CPU
		{91FEC87C-AB00-43B4-9127-D228B2FC2465}.Release|x86.ActiveCfg = Release|Any CPU
		{91FEC87C-AB00-43B4-9127-D228B2FC2465}.Release|x86.Build.0 = Release|Any CPU
		{3044B0A5-F06A-4F84-9B37-B59B38FA8E79}.Debug|Any CPU.ActiveCfg = Debug|Any CPU
		{3044B0A5-F06A-4F84-9B37-B59B38FA8E79}.Debug|Any CPU.Build.0 = Debug|Any CPU
		{3044B0A5-F06A-4F84-9B37-B59B38FA8E79}.Debug|x64.ActiveCfg = Debug|Any CPU
		{3044B0A5-F06A-4F84-9B37-B59B38FA8E79}.Debug|x64.Build.0 = Debug|Any CPU
		{3044B0A5-F06A-4F84-9B37-B59B38FA8E79}.Debug|x86.ActiveCfg = Debug|Any CPU
		{3044B0A5-F06A-4F84-9B37-B59B38FA8E79}.Debug|x86.Build.0 = Debug|Any CPU
		{3044B0A5-F06A-4F84-9B37-B59B38FA8E79}.Release|Any CPU.ActiveCfg = Release|Any CPU
		{3044B0A5-F06A-4F84-9B37-B59B38FA8E79}.Release|Any CPU.Build.0 = Release|Any CPU
		{3044B0A5-F06A-4F84-9B37-B59B38FA8E79}.Release|x64.ActiveCfg = Release|Any CPU
		{3044B0A5-F06A-4F84-9B37-B59B38FA8E79}.Release|x64.Build.0 = Release|Any CPU
		{3044B0A5-F06A-4F84-9B37-B59B38FA8E79}.Release|x86.ActiveCfg = Release|Any CPU
		{3044B0A5-F06A-4F84-9B37-B59B38FA8E79}.Release|x86.Build.0 = Release|Any CPU
		{3CEC6957-763F-447D-AFB9-46A70633FADD}.Debug|Any CPU.ActiveCfg = Debug|Any CPU
		{3CEC6957-763F-447D-AFB9-46A70633FADD}.Debug|Any CPU.Build.0 = Debug|Any CPU
		{3CEC6957-763F-447D-AFB9-46A70633FADD}.Debug|x64.ActiveCfg = Debug|Any CPU
		{3CEC6957-763F-447D-AFB9-46A70633FADD}.Debug|x64.Build.0 = Debug|Any CPU
		{3CEC6957-763F-447D-AFB9-46A70633FADD}.Debug|x86.ActiveCfg = Debug|Any CPU
		{3CEC6957-763F-447D-AFB9-46A70633FADD}.Debug|x86.Build.0 = Debug|Any CPU
		{3CEC6957-763F-447D-AFB9-46A70633FADD}.Release|Any CPU.ActiveCfg = Release|Any CPU
		{3CEC6957-763F-447D-AFB9-46A70633FADD}.Release|Any CPU.Build.0 = Release|Any CPU
		{3CEC6957-763F-447D-AFB9-46A70633FADD}.Release|x64.ActiveCfg = Release|Any CPU
		{3CEC6957-763F-447D-AFB9-46A70633FADD}.Release|x64.Build.0 = Release|Any CPU
		{3CEC6957-763F-447D-AFB9-46A70633FADD}.Release|x86.ActiveCfg = Release|Any CPU
		{3CEC6957-763F-447D-AFB9-46A70633FADD}.Release|x86.Build.0 = Release|Any CPU
		{1E54B5C0-7DB8-4768-91EA-A23C320EA2F9}.Debug|Any CPU.ActiveCfg = Debug|Any CPU
		{1E54B5C0-7DB8-4768-91EA-A23C320EA2F9}.Debug|Any CPU.Build.0 = Debug|Any CPU
		{1E54B5C0-7DB8-4768-91EA-A23C320EA2F9}.Debug|x64.ActiveCfg = Debug|Any CPU
		{1E54B5C0-7DB8-4768-91EA-A23C320EA2F9}.Debug|x64.Build.0 = Debug|Any CPU
		{1E54B5C0-7DB8-4768-91EA-A23C320EA2F9}.Debug|x86.ActiveCfg = Debug|Any CPU
		{1E54B5C0-7DB8-4768-91EA-A23C320EA2F9}.Debug|x86.Build.0 = Debug|Any CPU
		{1E54B5C0-7DB8-4768-91EA-A23C320EA2F9}.Release|Any CPU.ActiveCfg = Release|Any CPU
		{1E54B5C0-7DB8-4768-91EA-A23C320EA2F9}.Release|Any CPU.Build.0 = Release|Any CPU
		{1E54B5C0-7DB8-4768-91EA-A23C320EA2F9}.Release|x64.ActiveCfg = Release|Any CPU
		{1E54B5C0-7DB8-4768-91EA-A23C320EA2F9}.Release|x64.Build.0 = Release|Any CPU
		{1E54B5C0-7DB8-4768-91EA-A23C320EA2F9}.Release|x86.ActiveCfg = Release|Any CPU
		{1E54B5C0-7DB8-4768-91EA-A23C320EA2F9}.Release|x86.Build.0 = Release|Any CPU
		{04D78CEE-FEFD-4848-AFE8-289FFE321EE0}.Debug|Any CPU.ActiveCfg = Debug|Any CPU
		{04D78CEE-FEFD-4848-AFE8-289FFE321EE0}.Debug|Any CPU.Build.0 = Debug|Any CPU
		{04D78CEE-FEFD-4848-AFE8-289FFE321EE0}.Debug|x64.ActiveCfg = Debug|Any CPU
		{04D78CEE-FEFD-4848-AFE8-289FFE321EE0}.Debug|x64.Build.0 = Debug|Any CPU
		{04D78CEE-FEFD-4848-AFE8-289FFE321EE0}.Debug|x86.ActiveCfg = Debug|Any CPU
		{04D78CEE-FEFD-4848-AFE8-289FFE321EE0}.Debug|x86.Build.0 = Debug|Any CPU
		{04D78CEE-FEFD-4848-AFE8-289FFE321EE0}.Release|Any CPU.ActiveCfg = Release|Any CPU
		{04D78CEE-FEFD-4848-AFE8-289FFE321EE0}.Release|Any CPU.Build.0 = Release|Any CPU
		{04D78CEE-FEFD-4848-AFE8-289FFE321EE0}.Release|x64.ActiveCfg = Release|Any CPU
		{04D78CEE-FEFD-4848-AFE8-289FFE321EE0}.Release|x64.Build.0 = Release|Any CPU
		{04D78CEE-FEFD-4848-AFE8-289FFE321EE0}.Release|x86.ActiveCfg = Release|Any CPU
		{04D78CEE-FEFD-4848-AFE8-289FFE321EE0}.Release|x86.Build.0 = Release|Any CPU
		{EC470F78-2901-4D18-AF21-E5703773CDE4}.Debug|Any CPU.ActiveCfg = Debug|Any CPU
		{EC470F78-2901-4D18-AF21-E5703773CDE4}.Debug|Any CPU.Build.0 = Debug|Any CPU
		{EC470F78-2901-4D18-AF21-E5703773CDE4}.Debug|x64.ActiveCfg = Debug|Any CPU
		{EC470F78-2901-4D18-AF21-E5703773CDE4}.Debug|x64.Build.0 = Debug|Any CPU
		{EC470F78-2901-4D18-AF21-E5703773CDE4}.Debug|x86.ActiveCfg = Debug|Any CPU
		{EC470F78-2901-4D18-AF21-E5703773CDE4}.Debug|x86.Build.0 = Debug|Any CPU
		{EC470F78-2901-4D18-AF21-E5703773CDE4}.Release|Any CPU.ActiveCfg = Release|Any CPU
		{EC470F78-2901-4D18-AF21-E5703773CDE4}.Release|Any CPU.Build.0 = Release|Any CPU
		{EC470F78-2901-4D18-AF21-E5703773CDE4}.Release|x64.ActiveCfg = Release|Any CPU
		{EC470F78-2901-4D18-AF21-E5703773CDE4}.Release|x64.Build.0 = Release|Any CPU
		{EC470F78-2901-4D18-AF21-E5703773CDE4}.Release|x86.ActiveCfg = Release|Any CPU
		{EC470F78-2901-4D18-AF21-E5703773CDE4}.Release|x86.Build.0 = Release|Any CPU
		{1414D11E-3C88-4E26-9834-98C51B71BBEB}.Debug|Any CPU.ActiveCfg = Debug|Any CPU
		{1414D11E-3C88-4E26-9834-98C51B71BBEB}.Debug|Any CPU.Build.0 = Debug|Any CPU
		{1414D11E-3C88-4E26-9834-98C51B71BBEB}.Debug|x64.ActiveCfg = Debug|Any CPU
		{1414D11E-3C88-4E26-9834-98C51B71BBEB}.Debug|x64.Build.0 = Debug|Any CPU
		{1414D11E-3C88-4E26-9834-98C51B71BBEB}.Debug|x86.ActiveCfg = Debug|Any CPU
		{1414D11E-3C88-4E26-9834-98C51B71BBEB}.Debug|x86.Build.0 = Debug|Any CPU
		{1414D11E-3C88-4E26-9834-98C51B71BBEB}.Release|Any CPU.ActiveCfg = Release|Any CPU
		{1414D11E-3C88-4E26-9834-98C51B71BBEB}.Release|Any CPU.Build.0 = Release|Any CPU
		{1414D11E-3C88-4E26-9834-98C51B71BBEB}.Release|x64.ActiveCfg = Release|Any CPU
		{1414D11E-3C88-4E26-9834-98C51B71BBEB}.Release|x64.Build.0 = Release|Any CPU
		{1414D11E-3C88-4E26-9834-98C51B71BBEB}.Release|x86.ActiveCfg = Release|Any CPU
		{1414D11E-3C88-4E26-9834-98C51B71BBEB}.Release|x86.Build.0 = Release|Any CPU
		{2E2B5744-FA2C-41F4-80CB-B5BDA56EEC76}.Debug|Any CPU.ActiveCfg = Debug|Any CPU
		{2E2B5744-FA2C-41F4-80CB-B5BDA56EEC76}.Debug|Any CPU.Build.0 = Debug|Any CPU
		{2E2B5744-FA2C-41F4-80CB-B5BDA56EEC76}.Debug|x64.ActiveCfg = Debug|Any CPU
		{2E2B5744-FA2C-41F4-80CB-B5BDA56EEC76}.Debug|x64.Build.0 = Debug|Any CPU
		{2E2B5744-FA2C-41F4-80CB-B5BDA56EEC76}.Debug|x86.ActiveCfg = Debug|Any CPU
		{2E2B5744-FA2C-41F4-80CB-B5BDA56EEC76}.Debug|x86.Build.0 = Debug|Any CPU
		{2E2B5744-FA2C-41F4-80CB-B5BDA56EEC76}.Release|Any CPU.ActiveCfg = Release|Any CPU
		{2E2B5744-FA2C-41F4-80CB-B5BDA56EEC76}.Release|Any CPU.Build.0 = Release|Any CPU
		{2E2B5744-FA2C-41F4-80CB-B5BDA56EEC76}.Release|x64.ActiveCfg = Release|Any CPU
		{2E2B5744-FA2C-41F4-80CB-B5BDA56EEC76}.Release|x64.Build.0 = Release|Any CPU
		{2E2B5744-FA2C-41F4-80CB-B5BDA56EEC76}.Release|x86.ActiveCfg = Release|Any CPU
		{2E2B5744-FA2C-41F4-80CB-B5BDA56EEC76}.Release|x86.Build.0 = Release|Any CPU
		{5A678637-2579-43E8-BEA1-9FA57E3A4146}.Debug|Any CPU.ActiveCfg = Debug|Any CPU
		{5A678637-2579-43E8-BEA1-9FA57E3A4146}.Debug|Any CPU.Build.0 = Debug|Any CPU
		{5A678637-2579-43E8-BEA1-9FA57E3A4146}.Debug|x64.ActiveCfg = Debug|Any CPU
		{5A678637-2579-43E8-BEA1-9FA57E3A4146}.Debug|x64.Build.0 = Debug|Any CPU
		{5A678637-2579-43E8-BEA1-9FA57E3A4146}.Debug|x86.ActiveCfg = Debug|Any CPU
		{5A678637-2579-43E8-BEA1-9FA57E3A4146}.Debug|x86.Build.0 = Debug|Any CPU
		{5A678637-2579-43E8-BEA1-9FA57E3A4146}.Release|Any CPU.ActiveCfg = Release|Any CPU
		{5A678637-2579-43E8-BEA1-9FA57E3A4146}.Release|Any CPU.Build.0 = Release|Any CPU
		{5A678637-2579-43E8-BEA1-9FA57E3A4146}.Release|x64.ActiveCfg = Release|Any CPU
		{5A678637-2579-43E8-BEA1-9FA57E3A4146}.Release|x64.Build.0 = Release|Any CPU
		{5A678637-2579-43E8-BEA1-9FA57E3A4146}.Release|x86.ActiveCfg = Release|Any CPU
		{5A678637-2579-43E8-BEA1-9FA57E3A4146}.Release|x86.Build.0 = Release|Any CPU
	EndGlobalSection
	GlobalSection(SolutionProperties) = preSolution
		HideSolutionNode = FALSE
	EndGlobalSection
	GlobalSection(NestedProjects) = preSolution
		{8ACEC4CC-1410-47D1-8478-ACFDEEEEE69C} = {827E0CD3-B72D-47B6-A68D-7590B98EB39B}
		{2C45FFDC-908A-4660-8EC0-0DA041F837C5} = {827E0CD3-B72D-47B6-A68D-7590B98EB39B}
		{7BB27F12-E76F-4640-B635-66B8F5BEEE6E} = {827E0CD3-B72D-47B6-A68D-7590B98EB39B}
		{E8A5E5F6-E8BD-4081-BD27-171671C7BC45} = {827E0CD3-B72D-47B6-A68D-7590B98EB39B}
		{ECDAC030-53EF-49EF-B925-87DCC11B63D2} = {827E0CD3-B72D-47B6-A68D-7590B98EB39B}
		{91FEC87C-AB00-43B4-9127-D228B2FC2465} = {827E0CD3-B72D-47B6-A68D-7590B98EB39B}
		{3044B0A5-F06A-4F84-9B37-B59B38FA8E79} = {827E0CD3-B72D-47B6-A68D-7590B98EB39B}
		{3CEC6957-763F-447D-AFB9-46A70633FADD} = {827E0CD3-B72D-47B6-A68D-7590B98EB39B}
		{1E54B5C0-7DB8-4768-91EA-A23C320EA2F9} = {0AB3BF05-4346-4AA6-1389-037BE0695223}
		{04D78CEE-FEFD-4848-AFE8-289FFE321EE0} = {0AB3BF05-4346-4AA6-1389-037BE0695223}
		{EC470F78-2901-4D18-AF21-E5703773CDE4} = {0AB3BF05-4346-4AA6-1389-037BE0695223}
		{1414D11E-3C88-4E26-9834-98C51B71BBEB} = {827E0CD3-B72D-47B6-A68D-7590B98EB39B}
		{2E2B5744-FA2C-41F4-80CB-B5BDA56EEC76} = {0AB3BF05-4346-4AA6-1389-037BE0695223}
		{5A678637-2579-43E8-BEA1-9FA57E3A4146} = {0AB3BF05-4346-4AA6-1389-037BE0695223}
	EndGlobalSection
EndGlobal
